
Microsoft Visual Studio Solution File, Format Version 12.00
# Visual Studio Version 16
VisualStudioVersion = 16.0.30804.86
MinimumVisualStudioVersion = 10.0.40219.1
Project("{9A19103F-16F7-4668-BE54-9A1E7A4F7556}") = "NationStatesSharp", "NationStatesSharp.csproj", "{0F7F0D5B-A5BC-49E1-A8DD-B27CB6A72122}"
EndProject
Project("{2150E333-8FDC-42A3-9474-1A3956D46DE8}") = "Solution Items", "Solution Items", "{702F7AE5-9490-4D7E-8C5A-0DE97C0D7713}"
	ProjectSection(SolutionItems) = preProject
		.editorconfig = .editorconfig
	EndProjectSection
EndProject
Project("{9A19103F-16F7-4668-BE54-9A1E7A4F7556}") = "Example", "WrapperTest\Example.csproj", "{F4B86143-FF5F-425F-92F1-32EBCC568B71}"
EndProject
Global
	GlobalSection(SolutionConfigurationPlatforms) = preSolution
		Debug|Any CPU = Debug|Any CPU
		Release|Any CPU = Release|Any CPU
	EndGlobalSection
	GlobalSection(ProjectConfigurationPlatforms) = postSolution
		{0F7F0D5B-A5BC-49E1-A8DD-B27CB6A72122}.Debug|Any CPU.ActiveCfg = Debug|Any CPU
		{0F7F0D5B-A5BC-49E1-A8DD-B27CB6A72122}.Debug|Any CPU.Build.0 = Debug|Any CPU
		{0F7F0D5B-A5BC-49E1-A8DD-B27CB6A72122}.Release|Any CPU.ActiveCfg = Release|Any CPU
		{0F7F0D5B-A5BC-49E1-A8DD-B27CB6A72122}.Release|Any CPU.Build.0 = Release|Any CPU
		{F4B86143-FF5F-425F-92F1-32EBCC568B71}.Debug|Any CPU.ActiveCfg = Debug|Any CPU
		{F4B86143-FF5F-425F-92F1-32EBCC568B71}.Debug|Any CPU.Build.0 = Debug|Any CPU
		{F4B86143-FF5F-425F-92F1-32EBCC568B71}.Release|Any CPU.ActiveCfg = Release|Any CPU
		{F4B86143-FF5F-425F-92F1-32EBCC568B71}.Release|Any CPU.Build.0 = Release|Any CPU
	EndGlobalSection
	GlobalSection(SolutionProperties) = preSolution
		HideSolutionNode = FALSE
	EndGlobalSection
	GlobalSection(ExtensibilityGlobals) = postSolution
		SolutionGuid = {A72E1F91-3EEB-4EFE-812B-8A346F02030B}
	EndGlobalSection
EndGlobal
